{
  "nodes": {
    "agenix": {
      "inputs": {
        "darwin": "darwin",
        "home-manager": [
          "home-manager"
        ],
        "nixpkgs": [
          "nixpkgs"
        ],
        "systems": "systems"
      },
      "locked": {
        "lastModified": 1770165109,
        "narHash": "sha256-9VnK6Oqai65puVJ4WYtCTvlJeXxMzAp/69HhQuTdl/I=",
        "owner": "ryantm",
        "repo": "agenix",
        "rev": "b027ee29d959fda4b60b57566d64c98a202e0feb",
        "type": "github"
      },
      "original": {
        "owner": "ryantm",
        "repo": "agenix",
        "type": "github"
      }
    },
    "darwin": {
      "inputs": {
        "nixpkgs": [
          "agenix",
          "nixpkgs"
        ]
      },
      "locked": {
        "lastModified": 1744478979,
        "narHash": "sha256-dyN+teG9G82G+m+PX/aSAagkC+vUv0SgUw3XkPhQodQ=",
        "owner": "lnl7",
        "repo": "nix-darwin",
        "rev": "43975d782b418ebf4969e9ccba82466728c2851b",
        "type": "github"
      },
      "original": {
        "owner": "lnl7",
        "ref": "master",
        "repo": "nix-darwin",
        "type": "github"
      }
    },
    "disko": {
      "inputs": {
        "nixpkgs": [
          "nixpkgs"
        ]
      },
      "locked": {
        "lastModified": 1773506317,
        "narHash": "sha256-qWKbLUJpavIpvOdX1fhHYm0WGerytFHRoh9lVck6Bh0=",
        "owner": "nix-community",
        "repo": "disko",
        "rev": "878ec37d6a8f52c6c801d0e2a2ad554c75b9353c",
        "type": "github"
      },
      "original": {
        "owner": "nix-community",
        "repo": "disko",
        "type": "github"
      }
    },
    "fenix": {
      "inputs": {
        "nixpkgs": [
          "nixpkgs"
        ],
        "rust-analyzer-src": "rust-analyzer-src"
      },
      "locked": {
        "lastModified": 1773558621,
        "narHash": "sha256-QugHMIPPW2yVeJHnGnhD+Fe0ClekbcF5E1hG6WyUb3E=",
        "owner": "nix-community",
        "repo": "fenix",
        "rev": "3dd9d31a486f3a46dd211086c6094403c55a4c1b",
        "type": "github"
      },
      "original": {
        "owner": "nix-community",
        "repo": "fenix",
        "type": "github"
      }
    },
    "flake-parts": {
      "inputs": {
        "nixpkgs-lib": "nixpkgs-lib"
      },
      "locked": {
        "lastModified": 1772408722,
        "narHash": "sha256-rHuJtdcOjK7rAHpHphUb1iCvgkU3GpfvicLMwwnfMT0=",
        "owner": "hercules-ci",
        "repo": "flake-parts",
        "rev": "f20dc5d9b8027381c474144ecabc9034d6a839a3",
        "type": "github"
      },
      "original": {
        "owner": "hercules-ci",
        "repo": "flake-parts",
        "type": "github"
      }
    },
    "home-manager": {
      "inputs": {
        "nixpkgs": [
          "nixpkgs"
        ]
      },
      "locked": {
        "lastModified": 1773608492,
        "narHash": "sha256-QZteyExJYSQzgxqdsesDPbQgjctGG7iKV/6ooyQPITk=",
        "owner": "nix-community",
        "repo": "home-manager",
        "rev": "9a40ec3b78fc688d0908485887d355caa5666d18",
        "type": "github"
      },
      "original": {
        "owner": "nix-community",
        "repo": "home-manager",
        "type": "github"
      }
    },
    "my-templates": {
      "locked": {
        "lastModified": 1769477744,
        "narHash": "sha256-/gAY0pHmG15MIrFYoH2oUNkTqIk3an8imfXiIAyaqfg=",
        "owner": "rxda",
        "repo": "my-nix-templates",
        "rev": "9386cb7a2f5c060884a5f9619c2d03573d60722b",
        "type": "github"
      },
      "original": {
        "owner": "rxda",
        "repo": "my-nix-templates",
        "type": "github"
      }
    },
    "nix-vscode-extensions": {
      "inputs": {
        "nixpkgs": [
          "nixpkgs"
        ]
      },
      "locked": {
        "lastModified": 1773630033,
        "narHash": "sha256-AL+7e6SXmXsKQfuBawbv6rsOO1tIbD415JHcAK4DCwk=",
        "owner": "nix-community",
        "repo": "nix-vscode-extensions",
        "rev": "03d7cf5a70217d449b8b6a9fbf40c28b03111695",
        "type": "github"
      },
      "original": {
        "owner": "nix-community",
        "repo": "nix-vscode-extensions",
        "type": "github"
      }
    },
    "nixos-hardware": {
      "locked": {
        "lastModified": 1773533765,
        "narHash": "sha256-qonGfS2lzCgCl59Zl63jF6dIRRpvW3AJooBGMaXjHiY=",
        "owner": "NixOS",
        "repo": "nixos-hardware",
        "rev": "f8e82243fd601afb9f59ad230958bd073795cbfe",
        "type": "github"
      },
      "original": {
        "owner": "NixOS",
        "ref": "master",
        "repo": "nixos-hardware",
        "type": "github"
      }
    },
    "nixpkgs": {
      "locked": {
        "lastModified": 1773389992,
        "narHash": "sha256-wvfdLLWJ2I9oEpDd9PfMA8osfIZicoQ5MT1jIwNs9Tk=",
        "owner": "nixos",
        "repo": "nixpkgs",
        "rev": "c06b4ae3d6599a672a6210b7021d699c351eebda",
        "type": "github"
      },
      "original": {
        "owner": "nixos",
        "ref": "nixos-unstable",
        "repo": "nixpkgs",
        "type": "github"
      }
    },
    "nixpkgs-lib": {
      "locked": {
        "lastModified": 1772328832,
        "narHash": "sha256-e+/T/pmEkLP6BHhYjx6GmwP5ivonQQn0bJdH9YrRB+Q=",
        "owner": "nix-community",
        "repo": "nixpkgs.lib",
        "rev": "c185c7a5e5dd8f9add5b2f8ebeff00888b070742",
        "type": "github"
      },
      "original": {
        "owner": "nix-community",
        "repo": "nixpkgs.lib",
        "type": "github"
      }
    },
    "root": {
      "inputs": {
        "agenix": "agenix",
        "disko": "disko",
        "fenix": "fenix",
        "flake-parts": "flake-parts",
        "home-manager": "home-manager",
        "my-templates": "my-templates",
        "nix-vscode-extensions": "nix-vscode-extensions",
        "nixos-hardware": "nixos-hardware",
        "nixpkgs": "nixpkgs",
        "sing-box-unstable": "sing-box-unstable"
      }
    },
    "rust-analyzer-src": {
      "flake": false,
      "locked": {
        "lastModified": 1773505415,
        "narHash": "sha256-KqErTOj3DYdAlgUaOTs61Y5Q/fzQ4+ZmgcifX/b/8+g=",
        "owner": "rust-lang",
        "repo": "rust-analyzer",
        "rev": "6aa169dff77f0098adc4926fa4c84ab92fe3f2a1",
        "type": "github"
      },
      "original": {
        "owner": "rust-lang",
        "ref": "nightly",
        "repo": "rust-analyzer",
        "type": "github"
      }
    },
    "sing-box-src": {
      "flake": false,
      "locked": {
        "lastModified": 1773235811,
        "narHash": "sha256-6jPTVQCF/cTqrdC7I/vAQzZWu/aPf7Ui2LCESON6uk0=",
        "owner": "SagerNet",
        "repo": "sing-box",
        "rev": "bdb90f0a01f4009e2a514fb2bb1816de1ca6bc44",
        "type": "github"
      },
      "original": {
        "owner": "SagerNet",
        "ref": "v1.13.3-beta.1",
        "repo": "sing-box",
        "type": "github"
      }
    },
    "sing-box-unstable": {
      "inputs": {
        "nixpkgs": [
          "nixpkgs"
        ],
        "sing-box-src": "sing-box-src"
      },
      "locked": {
        "lastModified": 1773374939,
        "narHash": "sha256-pruTmFhkglvIRrT58yLoCw6zgA4P+M+V4ZdPZKjT/QU=",
        "owner": "rxda",
        "repo": "sing-box-flake",
        "rev": "234d74790d4671491a384955662cd3c1e2f31cef",
        "type": "github"
      },
      "original": {
        "owner": "rxda",
        "repo": "sing-box-flake",
        "type": "github"
      }
    },
    "systems": {
      "locked": {
        "lastModified": 1681028828,
        "narHash": "sha256-Vy1rq5AaRuLzOxct8nz4T6wlgyUR7zLU309k9mBC768=",
        "owner": "nix-systems",
        "repo": "default",
        "rev": "da67096a3b9bf56a91d16901293e51ba5b49a27e",
        "type": "github"
      },
      "original": {
        "owner": "nix-systems",
        "repo": "default",
        "type": "github"
      }
    }
  },
  "root": "root",
  "version": 7
}
