{
  "nodes": {
    "agenix": {
      "inputs": {
        "darwin": "darwin",
        "home-manager": [
          "home-manager"
        ],
        "nixpkgs": [
          "nixpkgs"
        ],
        "systems": "systems"
      },
      "locked": {
        "lastModified": 1770165109,
        "narHash": "sha256-9VnK6Oqai65puVJ4WYtCTvlJeXxMzAp/69HhQuTdl/I=",
        "owner": "ryantm",
        "repo": "agenix",
        "rev": "b027ee29d959fda4b60b57566d64c98a202e0feb",
        "type": "github"
      },
      "original": {
        "owner": "ryantm",
        "repo": "agenix",
        "type": "github"
      }
    },
    "cachyos-kernel": {
      "flake": false,
      "locked": {
        "lastModified": 1781455283,
        "narHash": "sha256-/71qSmWc0vIyGsvtADG8/uHnC/NvXPEY6TXRoDMufeo=",
        "owner": "CachyOS",
        "repo": "linux-cachyos",
        "rev": "3bd5b77999c4180ed01bdd0669bfabc5171b090a",
        "type": "github"
      },
      "original": {
        "owner": "CachyOS",
        "repo": "linux-cachyos",
        "type": "github"
      }
    },
    "cachyos-kernel-patches": {
      "flake": false,
      "locked": {
        "lastModified": 1781257359,
        "narHash": "sha256-J2/PBS+5u6osnWZUB7UTjLaD+S8diM+6hlOWDoX/+bw=",
        "owner": "CachyOS",
        "repo": "kernel-patches",
        "rev": "46b45d26b536195f3ee8bc510b96b7fa47567163",
        "type": "github"
      },
      "original": {
        "owner": "CachyOS",
        "repo": "kernel-patches",
        "type": "github"
      }
    },
    "darwin": {
      "inputs": {
        "nixpkgs": [
          "agenix",
          "nixpkgs"
        ]
      },
      "locked": {
        "lastModified": 1744478979,
        "narHash": "sha256-dyN+teG9G82G+m+PX/aSAagkC+vUv0SgUw3XkPhQodQ=",
        "owner": "lnl7",
        "repo": "nix-darwin",
        "rev": "43975d782b418ebf4969e9ccba82466728c2851b",
        "type": "github"
      },
      "original": {
        "owner": "lnl7",
        "ref": "master",
        "repo": "nix-darwin",
        "type": "github"
      }
    },
    "devshell": {
      "inputs": {
        "nixpkgs": [
          "nur-xddxdd",
          "nixpkgs"
        ]
      },
      "locked": {
        "lastModified": 1768818222,
        "narHash": "sha256-460jc0+CZfyaO8+w8JNtlClB2n4ui1RbHfPTLkpwhU8=",
        "owner": "numtide",
        "repo": "devshell",
        "rev": "255a2b1725a20d060f566e4755dbf571bbbb5f76",
        "type": "github"
      },
      "original": {
        "owner": "numtide",
        "repo": "devshell",
        "type": "github"
      }
    },
    "disko": {
      "inputs": {
        "nixpkgs": [
          "nixpkgs"
        ]
      },
      "locked": {
        "lastModified": 1781152676,
        "narHash": "sha256-RxWs5ND31KzTG7wvMM+PMfUjyNpmIEr999lqNARaM5o=",
        "owner": "nix-community",
        "repo": "disko",
        "rev": "ff8702b4de27f72b4c78573dfb89ec74e36abdf1",
        "type": "github"
      },
      "original": {
        "owner": "nix-community",
        "repo": "disko",
        "type": "github"
      }
    },
    "fenix": {
      "inputs": {
        "nixpkgs": [
          "nixpkgs"
        ],
        "rust-analyzer-src": "rust-analyzer-src"
      },
      "locked": {
        "lastModified": 1781779700,
        "narHash": "sha256-dHrFmslUl2HQ9KXUXbgMyRushoqqLgHZV/5QtnwiH6A=",
        "owner": "nix-community",
        "repo": "fenix",
        "rev": "ad30e585c7a2917325943c2b19511f5a249eff53",
        "type": "github"
      },
      "original": {
        "owner": "nix-community",
        "repo": "fenix",
        "type": "github"
      }
    },
    "flake-compat": {
      "flake": false,
      "locked": {
        "lastModified": 1767039857,
        "narHash": "sha256-vNpUSpF5Nuw8xvDLj2KCwwksIbjua2LZCqhV1LNRDns=",
        "owner": "NixOS",
        "repo": "flake-compat",
        "rev": "5edf11c44bc78a0d334f6334cdaf7d60d732daab",
        "type": "github"
      },
      "original": {
        "owner": "NixOS",
        "repo": "flake-compat",
        "type": "github"
      }
    },
    "flake-compat_2": {
      "flake": false,
      "locked": {
        "lastModified": 1767039857,
        "narHash": "sha256-vNpUSpF5Nuw8xvDLj2KCwwksIbjua2LZCqhV1LNRDns=",
        "owner": "NixOS",
        "repo": "flake-compat",
        "rev": "5edf11c44bc78a0d334f6334cdaf7d60d732daab",
        "type": "github"
      },
      "original": {
        "owner": "NixOS",
        "repo": "flake-compat",
        "type": "github"
      }
    },
    "flake-parts": {
      "inputs": {
        "nixpkgs-lib": "nixpkgs-lib"
      },
      "locked": {
        "lastModified": 1778716662,
        "narHash": "sha256-m1Yf0wZ8j1OHjTc2UwHwyQRSnNeSgLJOd7q5Y45hzi4=",
        "owner": "hercules-ci",
        "repo": "flake-parts",
        "rev": "f7c1a2d347e4c52d5fb8d10cb4d94b5884e546fb",
        "type": "github"
      },
      "original": {
        "owner": "hercules-ci",
        "repo": "flake-parts",
        "type": "github"
      }
    },
    "gitignore": {
      "inputs": {
        "nixpkgs": [
          "nur-xddxdd",
          "pre-commit-hooks-nix",
          "nixpkgs"
        ]
      },
      "locked": {
        "lastModified": 1709087332,
        "narHash": "sha256-HG2cCnktfHsKV0s4XW83gU3F57gaTljL9KNSuG6bnQs=",
        "owner": "hercules-ci",
        "repo": "gitignore.nix",
        "rev": "637db329424fd7e46cf4185293b9cc8c88c95394",
        "type": "github"
      },
      "original": {
        "owner": "hercules-ci",
        "repo": "gitignore.nix",
        "type": "github"
      }
    },
    "home-manager": {
      "inputs": {
        "nixpkgs": [
          "nixpkgs"
        ]
      },
      "locked": {
        "lastModified": 1781788787,
        "narHash": "sha256-YqlTCRRhGvNjcJejPeMuHrYQ/TVhOO2MV/nEGMWb8nk=",
        "owner": "nix-community",
        "repo": "home-manager",
        "rev": "d456f483f157d4b706416005da226234b9c116ff",
        "type": "github"
      },
      "original": {
        "owner": "nix-community",
        "repo": "home-manager",
        "type": "github"
      }
    },
    "my-templates": {
      "locked": {
        "lastModified": 1769477744,
        "narHash": "sha256-/gAY0pHmG15MIrFYoH2oUNkTqIk3an8imfXiIAyaqfg=",
        "owner": "rxda",
        "repo": "my-nix-templates",
        "rev": "9386cb7a2f5c060884a5f9619c2d03573d60722b",
        "type": "github"
      },
      "original": {
        "owner": "rxda",
        "repo": "my-nix-templates",
        "type": "github"
      }
    },
    "nix-cachyos-kernel": {
      "inputs": {
        "cachyos-kernel": "cachyos-kernel",
        "cachyos-kernel-patches": "cachyos-kernel-patches",
        "flake-compat": "flake-compat",
        "flake-parts": [
          "nur-xddxdd",
          "flake-parts"
        ],
        "nixpkgs": "nixpkgs_3"
      },
      "locked": {
        "lastModified": 1781463250,
        "narHash": "sha256-gYE/0gtSedmA21UWRZ2DA+iXhySh1JGKOssuqejV7cQ=",
        "owner": "xddxdd",
        "repo": "nix-cachyos-kernel",
        "rev": "4039d20f1495f2c521e7d12723a0c45348b118e8",
        "type": "github"
      },
      "original": {
        "owner": "xddxdd",
        "ref": "release",
        "repo": "nix-cachyos-kernel",
        "type": "github"
      }
    },
    "nix-index-database": {
      "inputs": {
        "nixpkgs": [
          "nur-xddxdd",
          "nixpkgs"
        ]
      },
      "locked": {
        "lastModified": 1781422160,
        "narHash": "sha256-W7S8O86bVrw2gaomEwkHStOzmPpnFIHQ6lS4Q2HffJ0=",
        "owner": "nix-community",
        "repo": "nix-index-database",
        "rev": "854d04e2368fb2e9c328a36b3c0a04cd713bfae1",
        "type": "github"
      },
      "original": {
        "owner": "nix-community",
        "repo": "nix-index-database",
        "type": "github"
      }
    },
    "nix-vscode-extensions": {
      "inputs": {
        "nixpkgs": [
          "nixpkgs"
        ]
      },
      "locked": {
        "lastModified": 1781756886,
        "narHash": "sha256-O19FRVtXC+2fNkbIlwssYVay284ynwEK9QAvHAVTLFA=",
        "owner": "nix-community",
        "repo": "nix-vscode-extensions",
        "rev": "092eb7e14b6950afb62ad4b0bc2532a122d206e0",
        "type": "github"
      },
      "original": {
        "owner": "nix-community",
        "repo": "nix-vscode-extensions",
        "type": "github"
      }
    },
    "nixfmt-rs": {
      "inputs": {
        "nixpkgs": [
          "nur-xddxdd",
          "nixpkgs"
        ],
        "treefmt-nix": [
          "nur-xddxdd",
          "treefmt-nix"
        ]
      },
      "locked": {
        "lastModified": 1781122127,
        "narHash": "sha256-0ezcrOVyqeF0dasXC27owF0+/ER1GS5g7qpXY8mQG0Q=",
        "owner": "Mic92",
        "repo": "nixfmt-rs",
        "rev": "08637b39ab56b0ec9d9156e879d8640e46578f6f",
        "type": "github"
      },
      "original": {
        "owner": "Mic92",
        "repo": "nixfmt-rs",
        "type": "github"
      }
    },
    "nixos-hardware": {
      "inputs": {
        "nixpkgs": "nixpkgs"
      },
      "locked": {
        "lastModified": 1781622756,
        "narHash": "sha256-JrPh4M6S7aPsEE9tOENuZrxC6o2szSLlK+t4+nLke9s=",
        "owner": "NixOS",
        "repo": "nixos-hardware",
        "rev": "08018c72174a4df5657f8d94178ac69fb9c243e5",
        "type": "github"
      },
      "original": {
        "owner": "NixOS",
        "ref": "master",
        "repo": "nixos-hardware",
        "type": "github"
      }
    },
    "nixpkgs": {
      "locked": {
        "lastModified": 1767892417,
        "narHash": "sha256-8bW3q88CEg2u4hSP66Vf4lpbLonHz7hqDNBMcCY7E9U=",
        "rev": "3497aa5c9457a9d88d71fa93a4a8368816fbeeba",
        "type": "tarball",
        "url": "https://releases.nixos.org/nixos/unstable/nixos-26.05pre924538.3497aa5c9457/nixexprs.tar.xz"
      },
      "original": {
        "type": "tarball",
        "url": "https://channels.nixos.org/nixos-unstable/nixexprs.tar.xz"
      }
    },
    "nixpkgs-lib": {
      "locked": {
        "lastModified": 1777168982,
        "narHash": "sha256-GOkGPcboWE9BmGCRMLX3worL4EMnsnG8MyKmXNeYuhQ=",
        "owner": "nix-community",
        "repo": "nixpkgs.lib",
        "rev": "f5901329dade4a6ea039af1433fb087bd9c1fe14",
        "type": "github"
      },
      "original": {
        "owner": "nix-community",
        "repo": "nixpkgs.lib",
        "type": "github"
      }
    },
    "nixpkgs_2": {
      "locked": {
        "lastModified": 1781577229,
        "narHash": "sha256-lrp67w8AulE9Ks53n27I45ADSzbOCn4H+CNW1Ck8B+8=",
        "owner": "nixos",
        "repo": "nixpkgs",
        "rev": "567a49d1913ce81ac6e9582e3553dd90a955875f",
        "type": "github"
      },
      "original": {
        "owner": "nixos",
        "ref": "nixos-unstable",
        "repo": "nixpkgs",
        "type": "github"
      }
    },
    "nixpkgs_3": {
      "locked": {
        "lastModified": 1781421111,
        "narHash": "sha256-2xSTHlKBF5h/tgAeHyQPR/g48qk9ACz7dED3jc3pGKA=",
        "owner": "NixOS",
        "repo": "nixpkgs",
        "rev": "7fe8f446d9475534dc54591ccb5c87c1ce6eaf8b",
        "type": "github"
      },
      "original": {
        "owner": "NixOS",
        "ref": "nixos-unstable-small",
        "repo": "nixpkgs",
        "type": "github"
      }
    },
    "nur-xddxdd": {
      "inputs": {
        "devshell": "devshell",
        "flake-parts": [
          "flake-parts"
        ],
        "nix-cachyos-kernel": "nix-cachyos-kernel",
        "nix-index-database": "nix-index-database",
        "nixfmt-rs": "nixfmt-rs",
        "nixpkgs": [
          "nixpkgs"
        ],
        "pre-commit-hooks-nix": "pre-commit-hooks-nix",
        "treefmt-nix": "treefmt-nix"
      },
      "locked": {
        "lastModified": 1781650183,
        "narHash": "sha256-bBuCwOLlmbuF7kl3b5O9gOzzT8isoePzha7/+2rH33w=",
        "owner": "xddxdd",
        "repo": "nur-packages",
        "rev": "6f2304d21bf483791675dec3abc8609419417df6",
        "type": "github"
      },
      "original": {
        "owner": "xddxdd",
        "repo": "nur-packages",
        "type": "github"
      }
    },
    "pre-commit-hooks-nix": {
      "inputs": {
        "flake-compat": "flake-compat_2",
        "gitignore": "gitignore",
        "nixpkgs": [
          "nur-xddxdd",
          "nixpkgs"
        ]
      },
      "locked": {
        "lastModified": 1778507602,
        "narHash": "sha256-kTwur1wV+01SdqskVMSo6JMEpg71ps3HpbFY2GsflKs=",
        "owner": "cachix",
        "repo": "pre-commit-hooks.nix",
        "rev": "61ab0e80d9c7ab14c256b5b453d8b3fb0189ba0a",
        "type": "github"
      },
      "original": {
        "owner": "cachix",
        "repo": "pre-commit-hooks.nix",
        "type": "github"
      }
    },
    "root": {
      "inputs": {
        "agenix": "agenix",
        "disko": "disko",
        "fenix": "fenix",
        "flake-parts": "flake-parts",
        "home-manager": "home-manager",
        "my-templates": "my-templates",
        "nix-vscode-extensions": "nix-vscode-extensions",
        "nixos-hardware": "nixos-hardware",
        "nixpkgs": "nixpkgs_2",
        "nur-xddxdd": "nur-xddxdd",
        "sing-box-unstable": "sing-box-unstable"
      }
    },
    "rust-analyzer-src": {
      "flake": false,
      "locked": {
        "lastModified": 1781714865,
        "narHash": "sha256-NIhErKpfs4EUx8N4x8yNYG8/vTzKv9cQn5QmuQI83jM=",
        "owner": "rust-lang",
        "repo": "rust-analyzer",
        "rev": "abb1301c3c14a40645bb2588b1cc858fe374b527",
        "type": "github"
      },
      "original": {
        "owner": "rust-lang",
        "ref": "nightly",
        "repo": "rust-analyzer",
        "type": "github"
      }
    },
    "sing-box-src": {
      "flake": false,
      "locked": {
        "lastModified": 1774419539,
        "narHash": "sha256-lAieNuT8A4Ip3zRgNH2iyAoiGMJ4RUoVXX8kfv9yswE=",
        "owner": "SagerNet",
        "repo": "sing-box",
        "rev": "86c0e9feacfd9bd0cce9d060bf2a98dc6fe6e989",
        "type": "github"
      },
      "original": {
        "owner": "SagerNet",
        "ref": "v1.13.4-beta.3",
        "repo": "sing-box",
        "type": "github"
      }
    },
    "sing-box-unstable": {
      "inputs": {
        "nixpkgs": [
          "nixpkgs"
        ],
        "sing-box-src": "sing-box-src"
      },
      "locked": {
        "lastModified": 1774499424,
        "narHash": "sha256-uCFH3KhXiXZmlDCKT7guG4SCbVOQ90s3h28LpVzAfgw=",
        "owner": "rxda",
        "repo": "sing-box-flake",
        "rev": "cba7d2984be32d3788c0dfa7422658dc297123dc",
        "type": "github"
      },
      "original": {
        "owner": "rxda",
        "repo": "sing-box-flake",
        "type": "github"
      }
    },
    "systems": {
      "locked": {
        "lastModified": 1681028828,
        "narHash": "sha256-Vy1rq5AaRuLzOxct8nz4T6wlgyUR7zLU309k9mBC768=",
        "owner": "nix-systems",
        "repo": "default",
        "rev": "da67096a3b9bf56a91d16901293e51ba5b49a27e",
        "type": "github"
      },
      "original": {
        "owner": "nix-systems",
        "repo": "default",
        "type": "github"
      }
    },
    "treefmt-nix": {
      "inputs": {
        "nixpkgs": [
          "nur-xddxdd",
          "nixpkgs"
        ]
      },
      "locked": {
        "lastModified": 1780220602,
        "narHash": "sha256-eynAfOmbmxJnkp7YewvCEbShNnnYJ9gLLqkzsYtBPeM=",
        "owner": "numtide",
        "repo": "treefmt-nix",
        "rev": "db947814a175b7ca6ded66e21383d938df01c227",
        "type": "github"
      },
      "original": {
        "owner": "numtide",
        "repo": "treefmt-nix",
        "type": "github"
      }
    }
  },
  "root": "root",
  "version": 7
}
