{
  "nodes": {
    "agenix": {
      "inputs": {
        "darwin": "darwin",
        "home-manager": [
          "home-manager"
        ],
        "nixpkgs": [
          "nixpkgs"
        ],
        "systems": "systems"
      },
      "locked": {
        "lastModified": 1770165109,
        "narHash": "sha256-9VnK6Oqai65puVJ4WYtCTvlJeXxMzAp/69HhQuTdl/I=",
        "owner": "ryantm",
        "repo": "agenix",
        "rev": "b027ee29d959fda4b60b57566d64c98a202e0feb",
        "type": "github"
      },
      "original": {
        "owner": "ryantm",
        "repo": "agenix",
        "type": "github"
      }
    },
    "darwin": {
      "inputs": {
        "nixpkgs": [
          "agenix",
          "nixpkgs"
        ]
      },
      "locked": {
        "lastModified": 1744478979,
        "narHash": "sha256-dyN+teG9G82G+m+PX/aSAagkC+vUv0SgUw3XkPhQodQ=",
        "owner": "lnl7",
        "repo": "nix-darwin",
        "rev": "43975d782b418ebf4969e9ccba82466728c2851b",
        "type": "github"
      },
      "original": {
        "owner": "lnl7",
        "ref": "master",
        "repo": "nix-darwin",
        "type": "github"
      }
    },
    "disko": {
      "inputs": {
        "nixpkgs": [
          "nixpkgs"
        ]
      },
      "locked": {
        "lastModified": 1772699110,
        "narHash": "sha256-jkyo/9fZVB3F/PHk3fVK1ImxJBZ71DCOYZvAz4R4v4E=",
        "owner": "nix-community",
        "repo": "disko",
        "rev": "42affa9d33750ac0a0a89761644af20d8d03e6ee",
        "type": "github"
      },
      "original": {
        "owner": "nix-community",
        "repo": "disko",
        "type": "github"
      }
    },
    "fenix": {
      "inputs": {
        "nixpkgs": [
          "nixpkgs"
        ],
        "rust-analyzer-src": "rust-analyzer-src"
      },
      "locked": {
        "lastModified": 1772780947,
        "narHash": "sha256-cblRAy3ctJniRFaSLpqYeHor+RJhkptPZNMUc4Sl+v4=",
        "owner": "nix-community",
        "repo": "fenix",
        "rev": "26a5e59df51222c849deb63c9196ac6d7a531535",
        "type": "github"
      },
      "original": {
        "owner": "nix-community",
        "repo": "fenix",
        "type": "github"
      }
    },
    "flake-parts": {
      "inputs": {
        "nixpkgs-lib": "nixpkgs-lib"
      },
      "locked": {
        "lastModified": 1772408722,
        "narHash": "sha256-rHuJtdcOjK7rAHpHphUb1iCvgkU3GpfvicLMwwnfMT0=",
        "owner": "hercules-ci",
        "repo": "flake-parts",
        "rev": "f20dc5d9b8027381c474144ecabc9034d6a839a3",
        "type": "github"
      },
      "original": {
        "owner": "hercules-ci",
        "repo": "flake-parts",
        "type": "github"
      }
    },
    "home-manager": {
      "inputs": {
        "nixpkgs": [
          "nixpkgs"
        ]
      },
      "locked": {
        "lastModified": 1772633327,
        "narHash": "sha256-jl+DJB2DUx7EbWLRng+6HNWW/1/VQOnf0NsQB4PlA7I=",
        "owner": "nix-community",
        "repo": "home-manager",
        "rev": "5a75730e6f21ee624cbf86f4915c6e7489c74acc",
        "type": "github"
      },
      "original": {
        "owner": "nix-community",
        "repo": "home-manager",
        "type": "github"
      }
    },
    "my-templates": {
      "locked": {
        "lastModified": 1769477744,
        "narHash": "sha256-/gAY0pHmG15MIrFYoH2oUNkTqIk3an8imfXiIAyaqfg=",
        "owner": "rxda",
        "repo": "my-nix-templates",
        "rev": "9386cb7a2f5c060884a5f9619c2d03573d60722b",
        "type": "github"
      },
      "original": {
        "owner": "rxda",
        "repo": "my-nix-templates",
        "type": "github"
      }
    },
    "nix-vscode-extensions": {
      "inputs": {
        "nixpkgs": [
          "nixpkgs"
        ]
      },
      "locked": {
        "lastModified": 1772764849,
        "narHash": "sha256-YVPSIbuS7BdahPNgUEK2zt3qoQvMKpvxLmDCOXRfnGY=",
        "owner": "nix-community",
        "repo": "nix-vscode-extensions",
        "rev": "3c9c62e3505bcb2331f2e36d19dfea4a74d4d962",
        "type": "github"
      },
      "original": {
        "owner": "nix-community",
        "repo": "nix-vscode-extensions",
        "type": "github"
      }
    },
    "nixos-hardware": {
      "locked": {
        "lastModified": 1771969195,
        "narHash": "sha256-qwcDBtrRvJbrrnv1lf/pREQi8t2hWZxVAyeMo7/E9sw=",
        "owner": "NixOS",
        "repo": "nixos-hardware",
        "rev": "41c6b421bdc301b2624486e11905c9af7b8ec68e",
        "type": "github"
      },
      "original": {
        "owner": "NixOS",
        "ref": "master",
        "repo": "nixos-hardware",
        "type": "github"
      }
    },
    "nixpkgs": {
      "locked": {
        "lastModified": 1772624091,
        "narHash": "sha256-QKyJ0QGWBn6r0invrMAK8dmJoBYWoOWy7lN+UHzW1jc=",
        "owner": "nixos",
        "repo": "nixpkgs",
        "rev": "80bdc1e5ce51f56b19791b52b2901187931f5353",
        "type": "github"
      },
      "original": {
        "owner": "nixos",
        "ref": "nixos-unstable",
        "repo": "nixpkgs",
        "type": "github"
      }
    },
    "nixpkgs-lib": {
      "locked": {
        "lastModified": 1772328832,
        "narHash": "sha256-e+/T/pmEkLP6BHhYjx6GmwP5ivonQQn0bJdH9YrRB+Q=",
        "owner": "nix-community",
        "repo": "nixpkgs.lib",
        "rev": "c185c7a5e5dd8f9add5b2f8ebeff00888b070742",
        "type": "github"
      },
      "original": {
        "owner": "nix-community",
        "repo": "nixpkgs.lib",
        "type": "github"
      }
    },
    "root": {
      "inputs": {
        "agenix": "agenix",
        "disko": "disko",
        "fenix": "fenix",
        "flake-parts": "flake-parts",
        "home-manager": "home-manager",
        "my-templates": "my-templates",
        "nix-vscode-extensions": "nix-vscode-extensions",
        "nixos-hardware": "nixos-hardware",
        "nixpkgs": "nixpkgs",
        "sing-box-unstable": "sing-box-unstable"
      }
    },
    "rust-analyzer-src": {
      "flake": false,
      "locked": {
        "lastModified": 1772701851,
        "narHash": "sha256-2g4Xg+w6wx2ewn1Tv576RzDc6Uof99H8kofHWdJktEs=",
        "owner": "rust-lang",
        "repo": "rust-analyzer",
        "rev": "2a8f00fb9344cc6701063192fe0aaf66ecf9d337",
        "type": "github"
      },
      "original": {
        "owner": "rust-lang",
        "ref": "nightly",
        "repo": "rust-analyzer",
        "type": "github"
      }
    },
    "sing-box-src": {
      "flake": false,
      "locked": {
        "lastModified": 1772517144,
        "narHash": "sha256-EUnbZPO7+9r/tpVktkNXq7/3pRyfIS7yACE8oIKV1PI=",
        "owner": "SagerNet",
        "repo": "sing-box",
        "rev": "c17aec5086e9d3a1de95b6644c17090efdf0f064",
        "type": "github"
      },
      "original": {
        "owner": "SagerNet",
        "ref": "v1.13.1-beta.2",
        "repo": "sing-box",
        "type": "github"
      }
    },
    "sing-box-unstable": {
      "inputs": {
        "nixpkgs": [
          "nixpkgs"
        ],
        "sing-box-src": "sing-box-src"
      },
      "locked": {
        "lastModified": 1772597175,
        "narHash": "sha256-80uPJLzJKE0WK0bQlKZDOnzCuZ8TPgw7G7dr+MQZvy8=",
        "owner": "rxda",
        "repo": "sing-box-flake",
        "rev": "17c5f499d1778815361ea2d27dcf7d3ff1daccfb",
        "type": "github"
      },
      "original": {
        "owner": "rxda",
        "repo": "sing-box-flake",
        "type": "github"
      }
    },
    "systems": {
      "locked": {
        "lastModified": 1681028828,
        "narHash": "sha256-Vy1rq5AaRuLzOxct8nz4T6wlgyUR7zLU309k9mBC768=",
        "owner": "nix-systems",
        "repo": "default",
        "rev": "da67096a3b9bf56a91d16901293e51ba5b49a27e",
        "type": "github"
      },
      "original": {
        "owner": "nix-systems",
        "repo": "default",
        "type": "github"
      }
    }
  },
  "root": "root",
  "version": 7
}
